
Microsoft Visual Studio Solution File, Format Version 12.00
# Visual Studio Version 17
VisualStudioVersion = 17.5.002.0
MinimumVisualStudioVersion = 10.0.40219.1
Project("{9A19103F-16F7-4668-BE54-9A1E7A4F7556}") = "Task0", "Task0\Task0.csproj", "{97EE26DC-2DE3-45F8-95BB-D1396A716A5A}"
EndProject
Global
	GlobalSection(SolutionConfigurationPlatforms) = preSolution
		Debug|Any CPU = Debug|Any CPU
		Release|Any CPU = Release|Any CPU
	EndGlobalSection
	GlobalSection(ProjectConfigurationPlatforms) = postSolution
		{97EE26DC-2DE3-45F8-95BB-D1396A716A5A}.Debug|Any CPU.ActiveCfg = Debug|Any CPU
		{97EE26DC-2DE3-45F8-95BB-D1396A716A5A}.Debug|Any CPU.Build.0 = Debug|Any CPU
		{97EE26DC-2DE3-45F8-95BB-D1396A716A5A}.Release|Any CPU.ActiveCfg = Release|Any CPU
		{97EE26DC-2DE3-45F8-95BB-D1396A716A5A}.Release|Any CPU.Build.0 = Release|Any CPU
	EndGlobalSection
	GlobalSection(SolutionProperties) = preSolution
		HideSolutionNode = FALSE
	EndGlobalSection
	GlobalSection(ExtensibilityGlobals) = postSolution
		SolutionGuid = {186CAA76-19F0-431F-99D9-002D419FF9F5}
	EndGlobalSection
EndGlobal
